
Microsoft Visual Studio Solution File, Format Version 12.00
# Visual Studio Version 17
VisualStudioVersion = 17.5.002.0
MinimumVisualStudioVersion = 10.0.40219.1
Project("{9A19103F-16F7-4668-BE54-9A1E7A4F7556}") = "Week3Switch", "Week3Switch.csproj", "{0479BDC7-9197-4BE8-8CE9-61AF58A636CD}"
EndProject
Global
	GlobalSection(SolutionConfigurationPlatforms) = preSolution
		Debug|Any CPU = Debug|Any CPU
		Release|Any CPU = Release|Any CPU
	EndGlobalSection
	GlobalSection(ProjectConfigurationPlatforms) = postSolution
		{0479BDC7-9197-4BE8-8CE9-61AF58A636CD}.Debug|Any CPU.ActiveCfg = Debug|Any CPU
		{0479BDC7-9197-4BE8-8CE9-61AF58A636CD}.Debug|Any CPU.Build.0 = Debug|Any CPU
		{0479BDC7-9197-4BE8-8CE9-61AF58A636CD}.Release|Any CPU.ActiveCfg = Release|Any CPU
		{0479BDC7-9197-4BE8-8CE9-61AF58A636CD}.Release|Any CPU.Build.0 = Release|Any CPU
	EndGlobalSection
	GlobalSection(SolutionProperties) = preSolution
		HideSolutionNode = FALSE
	EndGlobalSection
	GlobalSection(ExtensibilityGlobals) = postSolution
		SolutionGuid = {A62BC4E4-4412-4E3F-A048-C0A1A3CEE645}
	EndGlobalSection
EndGlobal
